
Microsoft Visual Studio Solution File, Format Version 12.00
# Visual Studio Version 16
VisualStudioVersion = 16.0.30105.148
MinimumVisualStudioVersion = 10.0.40219.1
Project("{FAE04EC0-301F-11D3-BF4B-00C04F79EFBC}") = "MP3Player", "MP3Player\MP3Player.csproj", "{1953B635-3036-430A-9B98-C6BB0147D473}"
EndProject
Global
	GlobalSection(SolutionConfigurationPlatforms) = preSolution
		Debug|Any CPU = Debug|Any CPU
		Release|Any CPU = Release|Any CPU
	EndGlobalSection
	GlobalSection(ProjectConfigurationPlatforms) = postSolution
		{1953B635-3036-430A-9B98-C6BB0147D473}.Debug|Any CPU.ActiveCfg = Debug|Any CPU
		{1953B635-3036-430A-9B98-C6BB0147D473}.Debug|Any CPU.Build.0 = Debug|Any CPU
		{1953B635-3036-430A-9B98-C6BB0147D473}.Release|Any CPU.ActiveCfg = Release|Any CPU
		{1953B635-3036-430A-9B98-C6BB0147D473}.Release|Any CPU.Build.0 = Release|Any CPU
	EndGlobalSection
	GlobalSection(SolutionProperties) = preSolution
		HideSolutionNode = FALSE
	EndGlobalSection
	GlobalSection(ExtensibilityGlobals) = postSolution
		SolutionGuid = {5ED81E80-A702-44FD-84C5-290C099DF407}
	EndGlobalSection
EndGlobal
